// !$*UTF8*$!
{
	archiveVersion = 1;
	classes = {
	};
	objectVersion = 50;
	objects = {

/* Begin PBXBuildFile section */
		EA02824E2099E17000022196 /* AppDelegate.swift in Sources */ = {isa = PBXBuildFile; fileRef = EA02824D2099E17000022196 /* AppDelegate.swift */; };
		EA0282502099E17000022196 /* ViewController.swift in Sources */ = {isa = PBXBuildFile; fileRef = EA02824F2099E17000022196 /* ViewController.swift */; };
		EA0282532099E17000022196 /* Main.storyboard in Resources */ = {isa = PBXBuildFile; fileRef = EA0282512099E17000022196 /* Main.storyboard */; };
		EA0282552099E17300022196 /* Assets.xcassets in Resources */ = {isa = PBXBuildFile; fileRef = EA0282542099E17300022196 /* Assets.xcassets */; };
		EA0282582099E17300022196 /* LaunchScreen.storyboard in Resources */ = {isa = PBXBuildFile; fileRef = EA0282562099E17300022196 /* LaunchScreen.storyboard */; };
		EA0282632099E17300022196 /* ReactiveSandboxTests.swift in Sources */ = {isa = PBXBuildFile; fileRef = EA0282622099E17300022196 /* ReactiveSandboxTests.swift */; };
		EA02826E2099E17300022196 /* ReactiveSandboxUITests.swift in Sources */ = {isa = PBXBuildFile; fileRef = EA02826D2099E17300022196 /* ReactiveSandboxUITests.swift */; };
		EA02827C2099E1FC00022196 /* CartFile in Resources */ = {isa = PBXBuildFile; fileRef = EA02827B2099E1FC00022196 /* CartFile */; };
		EA0282852099E3C100022196 /* RxSwift.framework in Frameworks */ = {isa = PBXBuildFile; fileRef = EA0282812099E3C100022196 /* RxSwift.framework */; };
		EA0282882099E9AB00022196 /* Wireframe+.swift in Sources */ = {isa = PBXBuildFile; fileRef = EA0282872099E9AB00022196 /* Wireframe+.swift */; };
/* End PBXBuildFile section */

/* Begin PBXContainerItemProxy section */
		EA02825F2099E17300022196 /* PBXContainerItemProxy */ = {
			isa = PBXContainerItemProxy;
			containerPortal = EA0282422099E17000022196 /* Project object */;
			proxyType = 1;
			remoteGlobalIDString = EA0282492099E17000022196;
			remoteInfo = ReactiveSandbox;
		};
		EA02826A2099E17300022196 /* PBXContainerItemProxy */ = {
			isa = PBXContainerItemProxy;
			containerPortal = EA0282422099E17000022196 /* Project object */;
			proxyType = 1;
			remoteGlobalIDString = EA0282492099E17000022196;
			remoteInfo = ReactiveSandbox;
		};
/* End PBXContainerItemProxy section */

/* Begin PBXFileReference section */
		EA02824A2099E17000022196 /* ReactiveSandbox.app */ = {isa = PBXFileReference; explicitFileType = wrapper.application; includeInIndex = 0; path = ReactiveSandbox.app; sourceTree = BUILT_PRODUCTS_DIR; };
		EA02824D2099E17000022196 /* AppDelegate.swift */ = {isa = PBXFileReference; lastKnownFileType = sourcecode.swift; path = AppDelegate.swift; sourceTree = "<group>"; };
		EA02824F2099E17000022196 /* ViewController.swift */ = {isa = PBXFileReference; lastKnownFileType = sourcecode.swift; path = ViewController.swift; sourceTree = "<group>"; };
		EA0282522099E17000022196 /* Base */ = {isa = PBXFileReference; lastKnownFileType = file.storyboard; name = Base; path = Base.lproj/Main.storyboard; sourceTree = "<group>"; };
		EA0282542099E17300022196 /* Assets.xcassets */ = {isa = PBXFileReference; lastKnownFileType = folder.assetcatalog; path = Assets.xcassets; sourceTree = "<group>"; };
		EA0282572099E17300022196 /* Base */ = {isa = PBXFileReference; lastKnownFileType = file.storyboard; name = Base; path = Base.lproj/LaunchScreen.storyboard; sourceTree = "<group>"; };
		EA0282592099E17300022196 /* Info.plist */ = {isa = PBXFileReference; lastKnownFileType = text.plist.xml; path = Info.plist; sourceTree = "<group>"; };
		EA02825E2099E17300022196 /* ReactiveSandboxTests.xctest */ = {isa = PBXFileReference; explicitFileType = wrapper.cfbundle; includeInIndex = 0; path = ReactiveSandboxTests.xctest; sourceTree = BUILT_PRODUCTS_DIR; };
		EA0282622099E17300022196 /* ReactiveSandboxTests.swift */ = {isa = PBXFileReference; lastKnownFileType = sourcecode.swift; path = ReactiveSandboxTests.swift; sourceTree = "<group>"; };
		EA0282642099E17300022196 /* Info.plist */ = {isa = PBXFileReference; lastKnownFileType = text.plist.xml; path = Info.plist; sourceTree = "<group>"; };
		EA0282692099E17300022196 /* ReactiveSandboxUITests.xctest */ = {isa = PBXFileReference; explicitFileType = wrapper.cfbundle; includeInIndex = 0; path = ReactiveSandboxUITests.xctest; sourceTree = BUILT_PRODUCTS_DIR; };
		EA02826D2099E17300022196 /* ReactiveSandboxUITests.swift */ = {isa = PBXFileReference; lastKnownFileType = sourcecode.swift; path = ReactiveSandboxUITests.swift; sourceTree = "<group>"; };
		EA02826F2099E17300022196 /* Info.plist */ = {isa = PBXFileReference; lastKnownFileType = text.plist.xml; path = Info.plist; sourceTree = "<group>"; };
		EA02827B2099E1FC00022196 /* CartFile */ = {isa = PBXFileReference; fileEncoding = 4; lastKnownFileType = text; path = CartFile; sourceTree = "<group>"; };
		EA0282802099E3C100022196 /* RxCocoa.framework */ = {isa = PBXFileReference; lastKnownFileType = wrapper.framework; name = RxCocoa.framework; path = Carthage/Build/iOS/RxCocoa.framework; sourceTree = "<group>"; };
		EA0282812099E3C100022196 /* RxSwift.framework */ = {isa = PBXFileReference; lastKnownFileType = wrapper.framework; name = RxSwift.framework; path = Carthage/Build/iOS/RxSwift.framework; sourceTree = "<group>"; };
		EA0282872099E9AB00022196 /* Wireframe+.swift */ = {isa = PBXFileReference; lastKnownFileType = sourcecode.swift; path = "Wireframe+.swift"; sourceTree = "<group>"; };
/* End PBXFileReference section */

/* Begin PBXFrameworksBuildPhase section */
		EA0282472099E17000022196 /* Frameworks */ = {
			isa = PBXFrameworksBuildPhase;
			buildActionMask = 2147483647;
			files = (
				EA0282852099E3C100022196 /* RxSwift.framework in Frameworks */,
			);
			runOnlyForDeploymentPostprocessing = 0;
		};
		EA02825B2099E17300022196 /* Frameworks */ = {
			isa = PBXFrameworksBuildPhase;
			buildActionMask = 2147483647;
			files = (
			);
			runOnlyForDeploymentPostprocessing = 0;
		};
		EA0282662099E17300022196 /* Frameworks */ = {
			isa = PBXFrameworksBuildPhase;
			buildActionMask = 2147483647;
			files = (
			);
			runOnlyForDeploymentPostprocessing = 0;
		};
/* End PBXFrameworksBuildPhase section */

/* Begin PBXGroup section */
		EA0282412099E17000022196 = {
			isa = PBXGroup;
			children = (
				EA02824C2099E17000022196 /* ReactiveSandbox */,
				EA0282612099E17300022196 /* ReactiveSandboxTests */,
				EA02826C2099E17300022196 /* ReactiveSandboxUITests */,
				EA02824B2099E17000022196 /* Products */,
				EA02827B2099E1FC00022196 /* CartFile */,
				EA02827D2099E3C000022196 /* Frameworks */,
			);
			sourceTree = "<group>";
		};
		EA02824B2099E17000022196 /* Products */ = {
			isa = PBXGroup;
			children = (
				EA02824A2099E17000022196 /* ReactiveSandbox.app */,
				EA02825E2099E17300022196 /* ReactiveSandboxTests.xctest */,
				EA0282692099E17300022196 /* ReactiveSandboxUITests.xctest */,
			);
			name = Products;
			sourceTree = "<group>";
		};
		EA02824C2099E17000022196 /* ReactiveSandbox */ = {
			isa = PBXGroup;
			children = (
				EA02824D2099E17000022196 /* AppDelegate.swift */,
				EA02824F2099E17000022196 /* ViewController.swift */,
				EA0282512099E17000022196 /* Main.storyboard */,
				EA0282542099E17300022196 /* Assets.xcassets */,
				EA0282562099E17300022196 /* LaunchScreen.storyboard */,
				EA0282592099E17300022196 /* Info.plist */,
				EA0282872099E9AB00022196 /* Wireframe+.swift */,
			);
			path = ReactiveSandbox;
			sourceTree = "<group>";
		};
		EA0282612099E17300022196 /* ReactiveSandboxTests */ = {
			isa = PBXGroup;
			children = (
				EA0282622099E17300022196 /* ReactiveSandboxTests.swift */,
				EA0282642099E17300022196 /* Info.plist */,
			);
			path = ReactiveSandboxTests;
			sourceTree = "<group>";
		};
		EA02826C2099E17300022196 /* ReactiveSandboxUITests */ = {
			isa = PBXGroup;
			children = (
				EA02826D2099E17300022196 /* ReactiveSandboxUITests.swift */,
				EA02826F2099E17300022196 /* Info.plist */,
			);
			path = ReactiveSandboxUITests;
			sourceTree = "<group>";
		};
		EA02827D2099E3C000022196 /* Frameworks */ = {
			isa = PBXGroup;
			children = (
				EA0282802099E3C100022196 /* RxCocoa.framework */,
				EA0282812099E3C100022196 /* RxSwift.framework */,
			);
			name = Frameworks;
			sourceTree = "<group>";
		};
/* End PBXGroup section */

/* Begin PBXNativeTarget section */
		EA0282492099E17000022196 /* ReactiveSandbox */ = {
			isa = PBXNativeTarget;
			buildConfigurationList = EA0282722099E17300022196 /* Build configuration list for PBXNativeTarget "ReactiveSandbox" */;
			buildPhases = (
				EA0282462099E17000022196 /* Sources */,
				EA0282472099E17000022196 /* Frameworks */,
				EA0282482099E17000022196 /* Resources */,
				EA0282862099E3EC00022196 /* Carthage */,
			);
			buildRules = (
			);
			dependencies = (
			);
			name = ReactiveSandbox;
			productName = ReactiveSandbox;
			productReference = EA02824A2099E17000022196 /* ReactiveSandbox.app */;
			productType = "com.apple.product-type.application";
		};
		EA02825D2099E17300022196 /* ReactiveSandboxTests */ = {
			isa = PBXNativeTarget;
			buildConfigurationList = EA0282752099E17300022196 /* Build configuration list for PBXNativeTarget "ReactiveSandboxTests" */;
			buildPhases = (
				EA02825A2099E17300022196 /* Sources */,
				EA02825B2099E17300022196 /* Frameworks */,
				EA02825C2099E17300022196 /* Resources */,
			);
			buildRules = (
			);
			dependencies = (
				EA0282602099E17300022196 /* PBXTargetDependency */,
			);
			name = ReactiveSandboxTests;
			productName = ReactiveSandboxTests;
			productReference = EA02825E2099E17300022196 /* ReactiveSandboxTests.xctest */;
			productType = "com.apple.product-type.bundle.unit-test";
		};
		EA0282682099E17300022196 /* ReactiveSandboxUITests */ = {
			isa = PBXNativeTarget;
			buildConfigurationList = EA0282782099E17300022196 /* Build configuration list for PBXNativeTarget "ReactiveSandboxUITests" */;
			buildPhases = (
				EA0282652099E17300022196 /* Sources */,
				EA0282662099E17300022196 /* Frameworks */,
				EA0282672099E17300022196 /* Resources */,
			);
			buildRules = (
			);
			dependencies = (
				EA02826B2099E17300022196 /* PBXTargetDependency */,
			);
			name = ReactiveSandboxUITests;
			productName = ReactiveSandboxUITests;
			productReference = EA0282692099E17300022196 /* ReactiveSandboxUITests.xctest */;
			productType = "com.apple.product-type.bundle.ui-testing";
		};
/* End PBXNativeTarget section */

/* Begin PBXProject section */
		EA0282422099E17000022196 /* Project object */ = {
			isa = PBXProject;
			attributes = {
				LastSwiftUpdateCheck = 0930;
				LastUpgradeCheck = 0930;
				ORGANIZATIONNAME = "Masakazu Sano";
				TargetAttributes = {
					EA0282492099E17000022196 = {
						CreatedOnToolsVersion = 9.3;
					};
					EA02825D2099E17300022196 = {
						CreatedOnToolsVersion = 9.3;
						TestTargetID = EA0282492099E17000022196;
					};
					EA0282682099E17300022196 = {
						CreatedOnToolsVersion = 9.3;
						TestTargetID = EA0282492099E17000022196;
					};
				};
			};
			buildConfigurationList = EA0282452099E17000022196 /* Build configuration list for PBXProject "ReactiveSandbox" */;
			compatibilityVersion = "Xcode 9.3";
			developmentRegion = en;
			hasScannedForEncodings = 0;
			knownRegions = (
				en,
				Base,
			);
			mainGroup = EA0282412099E17000022196;
			productRefGroup = EA02824B2099E17000022196 /* Products */;
			projectDirPath = "";
			projectRoot = "";
			targets = (
				EA0282492099E17000022196 /* ReactiveSandbox */,
				EA02825D2099E17300022196 /* ReactiveSandboxTests */,
				EA0282682099E17300022196 /* ReactiveSandboxUITests */,
			);
		};
/* End PBXProject section */

/* Begin PBXResourcesBuildPhase section */
		EA0282482099E17000022196 /* Resources */ = {
			isa = PBXResourcesBuildPhase;
			buildActionMask = 2147483647;
			files = (
				EA0282582099E17300022196 /* LaunchScreen.storyboard in Resources */,
				EA0282552099E17300022196 /* Assets.xcassets in Resources */,
				EA02827C2099E1FC00022196 /* CartFile in Resources */,
				EA0282532099E17000022196 /* Main.storyboard in Resources */,
			);
			runOnlyForDeploymentPostprocessing = 0;
		};
		EA02825C2099E17300022196 /* Resources */ = {
			isa = PBXResourcesBuildPhase;
			buildActionMask = 2147483647;
			files = (
			);
			runOnlyForDeploymentPostprocessing = 0;
		};
		EA0282672099E17300022196 /* Resources */ = {
			isa = PBXResourcesBuildPhase;
			buildActionMask = 2147483647;
			files = (
			);
			runOnlyForDeploymentPostprocessing = 0;
		};
/* End PBXResourcesBuildPhase section */

/* Begin PBXShellScriptBuildPhase section */
		EA0282862099E3EC00022196 /* Carthage */ = {
			isa = PBXShellScriptBuildPhase;
			buildActionMask = 2147483647;
			files = (
			);
			inputPaths = (
				"$(SRCROOT)/Carthage/Build/iOS/RxCocoa.framework",
				"$(SRCROOT)/Carthage/Build/iOS/RxSwift.framework",
			);
			name = Carthage;
			outputPaths = (
			);
			runOnlyForDeploymentPostprocessing = 0;
			shellPath = /bin/sh;
			shellScript = "/usr/local/bin/carthage copy-frameworks\n";
		};
/* End PBXShellScriptBuildPhase section */

/* Begin PBXSourcesBuildPhase section */
		EA0282462099E17000022196 /* Sources */ = {
			isa = PBXSourcesBuildPhase;
			buildActionMask = 2147483647;
			files = (
				EA0282502099E17000022196 /* ViewController.swift in Sources */,
				EA0282882099E9AB00022196 /* Wireframe+.swift in Sources */,
				EA02824E2099E17000022196 /* AppDelegate.swift in Sources */,
			);
			runOnlyForDeploymentPostprocessing = 0;
		};
		EA02825A2099E17300022196 /* Sources */ = {
			isa = PBXSourcesBuildPhase;
			buildActionMask = 2147483647;
			files = (
				EA0282632099E17300022196 /* ReactiveSandboxTests.swift in Sources */,
			);
			runOnlyForDeploymentPostprocessing = 0;
		};
		EA0282652099E17300022196 /* Sources */ = {
			isa = PBXSourcesBuildPhase;
			buildActionMask = 2147483647;
			files = (
				EA02826E2099E17300022196 /* ReactiveSandboxUITests.swift in Sources */,
			);
			runOnlyForDeploymentPostprocessing = 0;
		};
/* End PBXSourcesBuildPhase section */

/* Begin PBXTargetDependency section */
		EA0282602099E17300022196 /* PBXTargetDependency */ = {
			isa = PBXTargetDependency;
			target = EA0282492099E17000022196 /* ReactiveSandbox */;
			targetProxy = EA02825F2099E17300022196 /* PBXContainerItemProxy */;
		};
		EA02826B2099E17300022196 /* PBXTargetDependency */ = {
			isa = PBXTargetDependency;
			target = EA0282492099E17000022196 /* ReactiveSandbox */;
			targetProxy = EA02826A2099E17300022196 /* PBXContainerItemProxy */;
		};
/* End PBXTargetDependency section */

/* Begin PBXVariantGroup section */
		EA0282512099E17000022196 /* Main.storyboard */ = {
			isa = PBXVariantGroup;
			children = (
				EA0282522099E17000022196 /* Base */,
			);
			name = Main.storyboard;
			sourceTree = "<group>";
		};
		EA0282562099E17300022196 /* LaunchScreen.storyboard */ = {
			isa = PBXVariantGroup;
			children = (
				EA0282572099E17300022196 /* Base */,
			);
			name = LaunchScreen.storyboard;
			sourceTree = "<group>";
		};
/* End PBXVariantGroup section */

/* Begin XCBuildConfiguration section */
		EA0282702099E17300022196 /* Debug */ = {
			isa = XCBuildConfiguration;
			buildSettings = {
				ALWAYS_SEARCH_USER_PATHS = NO;
				CLANG_ANALYZER_NONNULL = YES;
				CLANG_ANALYZER_NUMBER_OBJECT_CONVERSION = YES_AGGRESSIVE;
				CLANG_CXX_LANGUAGE_STANDARD = "gnu++14";
				CLANG_CXX_LIBRARY = "libc++";
				CLANG_ENABLE_MODULES = YES;
				CLANG_ENABLE_OBJC_ARC = YES;
				CLANG_ENABLE_OBJC_WEAK = YES;
				CLANG_WARN_BLOCK_CAPTURE_AUTORELEASING = YES;
				CLANG_WARN_BOOL_CONVERSION = YES;
				CLANG_WARN_COMMA = YES;
				CLANG_WARN_CONSTANT_CONVERSION = YES;
				CLANG_WARN_DEPRECATED_OBJC_IMPLEMENTATIONS = YES;
				CLANG_WARN_DIRECT_OBJC_ISA_USAGE = YES_ERROR;
				CLANG_WARN_DOCUMENTATION_COMMENTS = YES;
				CLANG_WARN_EMPTY_BODY = YES;
				CLANG_WARN_ENUM_CONVERSION = YES;
				CLANG_WARN_INFINITE_RECURSION = YES;
				CLANG_WARN_INT_CONVERSION = YES;
				CLANG_WARN_NON_LITERAL_NULL_CONVERSION = YES;
				CLANG_WARN_OBJC_IMPLICIT_RETAIN_SELF = YES;
				CLANG_WARN_OBJC_LITERAL_CONVERSION = YES;
				CLANG_WARN_OBJC_ROOT_CLASS = YES_ERROR;
				CLANG_WARN_RANGE_LOOP_ANALYSIS = YES;
				CLANG_WARN_STRICT_PROTOTYPES = YES;
				CLANG_WARN_SUSPICIOUS_MOVE = YES;
				CLANG_WARN_UNGUARDED_AVAILABILITY = YES_AGGRESSIVE;
				CLANG_WARN_UNREACHABLE_CODE = YES;
				CLANG_WARN__DUPLICATE_METHOD_MATCH = YES;
				CODE_SIGN_IDENTITY = "iPhone Developer";
				COPY_PHASE_STRIP = NO;
				DEBUG_INFORMATION_FORMAT = dwarf;
				ENABLE_STRICT_OBJC_MSGSEND = YES;
				ENABLE_TESTABILITY = YES;
				GCC_C_LANGUAGE_STANDARD = gnu11;
				GCC_DYNAMIC_NO_PIC = NO;
				GCC_NO_COMMON_BLOCKS = YES;
				GCC_OPTIMIZATION_LEVEL = 0;
				GCC_PREPROCESSOR_DEFINITIONS = (
					"DEBUG=1",
					"$(inherited)",
				);
				GCC_WARN_64_TO_32_BIT_CONVERSION = YES;
				GCC_WARN_ABOUT_RETURN_TYPE = YES_ERROR;
				GCC_WARN_UNDECLARED_SELECTOR = YES;
				GCC_WARN_UNINITIALIZED_AUTOS = YES_AGGRESSIVE;
				GCC_WARN_UNUSED_FUNCTION = YES;
				GCC_WARN_UNUSED_VARIABLE = YES;
				IPHONEOS_DEPLOYMENT_TARGET = 11.3;
				MTL_ENABLE_DEBUG_INFO = YES;
				ONLY_ACTIVE_ARCH = YES;
				SDKROOT = iphoneos;
				SWIFT_ACTIVE_COMPILATION_CONDITIONS = DEBUG;
				SWIFT_OPTIMIZATION_LEVEL = "-Onone";
			};
			name = Debug;
		};
		EA0282712099E17300022196 /* Release */ = {
			isa = XCBuildConfiguration;
			buildSettings = {
				ALWAYS_SEARCH_USER_PATHS = NO;
				CLANG_ANALYZER_NONNULL = YES;
				CLANG_ANALYZER_NUMBER_OBJECT_CONVERSION = YES_AGGRESSIVE;
				CLANG_CXX_LANGUAGE_STANDARD = "gnu++14";
				CLANG_CXX_LIBRARY = "libc++";
				CLANG_ENABLE_MODULES = YES;
				CLANG_ENABLE_OBJC_ARC = YES;
				CLANG_ENABLE_OBJC_WEAK = YES;
				CLANG_WARN_BLOCK_CAPTURE_AUTORELEASING = YES;
				CLANG_WARN_BOOL_CONVERSION = YES;
				CLANG_WARN_COMMA = YES;
				CLANG_WARN_CONSTANT_CONVERSION = YES;
				CLANG_WARN_DEPRECATED_OBJC_IMPLEMENTATIONS = YES;
				CLANG_WARN_DIRECT_OBJC_ISA_USAGE = YES_ERROR;
				CLANG_WARN_DOCUMENTATION_COMMENTS = YES;
				CLANG_WARN_EMPTY_BODY = YES;
				CLANG_WARN_ENUM_CONVERSION = YES;
				CLANG_WARN_INFINITE_RECURSION = YES;
				CLANG_WARN_INT_CONVERSION = YES;
				CLANG_WARN_NON_LITERAL_NULL_CONVERSION = YES;
				CLANG_WARN_OBJC_IMPLICIT_RETAIN_SELF = YES;
				CLANG_WARN_OBJC_LITERAL_CONVERSION = YES;
				CLANG_WARN_OBJC_ROOT_CLASS = YES_ERROR;
				CLANG_WARN_RANGE_LOOP_ANALYSIS = YES;
				CLANG_WARN_STRICT_PROTOTYPES = YES;
				CLANG_WARN_SUSPICIOUS_MOVE = YES;
				CLANG_WARN_UNGUARDED_AVAILABILITY = YES_AGGRESSIVE;
				CLANG_WARN_UNREACHABLE_CODE = YES;
				CLANG_WARN__DUPLICATE_METHOD_MATCH = YES;
				CODE_SIGN_IDENTITY = "iPhone Developer";
				COPY_PHASE_STRIP = NO;
				DEBUG_INFORMATION_FORMAT = "dwarf-with-dsym";
				ENABLE_NS_ASSERTIONS = NO;
				ENABLE_STRICT_OBJC_MSGSEND = YES;
				GCC_C_LANGUAGE_STANDARD = gnu11;
				GCC_NO_COMMON_BLOCKS = YES;
				GCC_WARN_64_TO_32_BIT_CONVERSION = YES;
				GCC_WARN_ABOUT_RETURN_TYPE = YES_ERROR;
				GCC_WARN_UNDECLARED_SELECTOR = YES;
				GCC_WARN_UNINITIALIZED_AUTOS = YES_AGGRESSIVE;
				GCC_WARN_UNUSED_FUNCTION = YES;
				GCC_WARN_UNUSED_VARIABLE = YES;
				IPHONEOS_DEPLOYMENT_TARGET = 11.3;
				MTL_ENABLE_DEBUG_INFO = NO;
				SDKROOT = iphoneos;
				SWIFT_COMPILATION_MODE = wholemodule;
				SWIFT_OPTIMIZATION_LEVEL = "-O";
				VALIDATE_PRODUCT = YES;
			};
			name = Release;
		};
		EA0282732099E17300022196 /* Debug */ = {
			isa = XCBuildConfiguration;
			buildSettings = {
				ASSETCATALOG_COMPILER_APPICON_NAME = AppIcon;
				CODE_SIGN_STYLE = Automatic;
				DEVELOPMENT_TEAM = 3ZMTZ3U33V;
				FRAMEWORK_SEARCH_PATHS = (
					"$(inherited)",
					"$(PROJECT_DIR)/Carthage/Build/iOS",
				);
				INFOPLIST_FILE = ReactiveSandbox/Info.plist;
				LD_RUNPATH_SEARCH_PATHS = (
					"$(inherited)",
					"@executable_path/Frameworks",
				);
				PRODUCT_BUNDLE_IDENTIFIER = cc.ka56cd.ReactiveSandbox;
				PRODUCT_NAME = "$(TARGET_NAME)";
				SWIFT_VERSION = 4.0;
				TARGETED_DEVICE_FAMILY = "1,2";
			};
			name = Debug;
		};
		EA0282742099E17300022196 /* Release */ = {
			isa = XCBuildConfiguration;
			buildSettings = {
				ASSETCATALOG_COMPILER_APPICON_NAME = AppIcon;
				CODE_SIGN_STYLE = Automatic;
				DEVELOPMENT_TEAM = 3ZMTZ3U33V;
				FRAMEWORK_SEARCH_PATHS = (
					"$(inherited)",
					"$(PROJECT_DIR)/Carthage/Build/iOS",
				);
				INFOPLIST_FILE = ReactiveSandbox/Info.plist;
				LD_RUNPATH_SEARCH_PATHS = (
					"$(inherited)",
					"@executable_path/Frameworks",
				);
				PRODUCT_BUNDLE_IDENTIFIER = cc.ka56cd.ReactiveSandbox;
				PRODUCT_NAME = "$(TARGET_NAME)";
				SWIFT_VERSION = 4.0;
				TARGETED_DEVICE_FAMILY = "1,2";
			};
			name = Release;
		};
		EA0282762099E17300022196 /* Debug */ = {
			isa = XCBuildConfiguration;
			buildSettings = {
				ALWAYS_EMBED_SWIFT_STANDARD_LIBRARIES = YES;
				BUNDLE_LOADER = "$(TEST_HOST)";
				CODE_SIGN_STYLE = Automatic;
				DEVELOPMENT_TEAM = 3ZMTZ3U33V;
				INFOPLIST_FILE = ReactiveSandboxTests/Info.plist;
				LD_RUNPATH_SEARCH_PATHS = (
					"$(inherited)",
					"@executable_path/Frameworks",
					"@loader_path/Frameworks",
				);
				PRODUCT_BUNDLE_IDENTIFIER = cc.ka56cd.ReactiveSandboxTests;
				PRODUCT_NAME = "$(TARGET_NAME)";
				SWIFT_VERSION = 4.0;
				TARGETED_DEVICE_FAMILY = "1,2";
				TEST_HOST = "$(BUILT_PRODUCTS_DIR)/ReactiveSandbox.app/ReactiveSandbox";
			};
			name = Debug;
		};
		EA0282772099E17300022196 /* Release */ = {
			isa = XCBuildConfiguration;
			buildSettings = {
				ALWAYS_EMBED_SWIFT_STANDARD_LIBRARIES = YES;
				BUNDLE_LOADER = "$(TEST_HOST)";
				CODE_SIGN_STYLE = Automatic;
				DEVELOPMENT_TEAM = 3ZMTZ3U33V;
				INFOPLIST_FILE = ReactiveSandboxTests/Info.plist;
				LD_RUNPATH_SEARCH_PATHS = (
					"$(inherited)",
					"@executable_path/Frameworks",
					"@loader_path/Frameworks",
				);
				PRODUCT_BUNDLE_IDENTIFIER = cc.ka56cd.ReactiveSandboxTests;
				PRODUCT_NAME = "$(TARGET_NAME)";
				SWIFT_VERSION = 4.0;
				TARGETED_DEVICE_FAMILY = "1,2";
				TEST_HOST = "$(BUILT_PRODUCTS_DIR)/ReactiveSandbox.app/ReactiveSandbox";
			};
			name = Release;
		};
		EA0282792099E17300022196 /* Debug */ = {
			isa = XCBuildConfiguration;
			buildSettings = {
				ALWAYS_EMBED_SWIFT_STANDARD_LIBRARIES = YES;
				CODE_SIGN_STYLE = Automatic;
				DEVELOPMENT_TEAM = 3ZMTZ3U33V;
				INFOPLIST_FILE = ReactiveSandboxUITests/Info.plist;
				LD_RUNPATH_SEARCH_PATHS = (
					"$(inherited)",
					"@executable_path/Frameworks",
					"@loader_path/Frameworks",
				);
				PRODUCT_BUNDLE_IDENTIFIER = cc.ka56cd.ReactiveSandboxUITests;
				PRODUCT_NAME = "$(TARGET_NAME)";
				SWIFT_VERSION = 4.0;
				TARGETED_DEVICE_FAMILY = "1,2";
				TEST_TARGET_NAME = ReactiveSandbox;
			};
			name = Debug;
		};
		EA02827A2099E17300022196 /* Release */ = {
			isa = XCBuildConfiguration;
			buildSettings = {
				ALWAYS_EMBED_SWIFT_STANDARD_LIBRARIES = YES;
				CODE_SIGN_STYLE = Automatic;
				DEVELOPMENT_TEAM = 3ZMTZ3U33V;
				INFOPLIST_FILE = ReactiveSandboxUITests/Info.plist;
				LD_RUNPATH_SEARCH_PATHS = (
					"$(inherited)",
					"@executable_path/Frameworks",
					"@loader_path/Frameworks",
				);
				PRODUCT_BUNDLE_IDENTIFIER = cc.ka56cd.ReactiveSandboxUITests;
				PRODUCT_NAME = "$(TARGET_NAME)";
				SWIFT_VERSION = 4.0;
				TARGETED_DEVICE_FAMILY = "1,2";
				TEST_TARGET_NAME = ReactiveSandbox;
			};
			name = Release;
		};
/* End XCBuildConfiguration section */

/* Begin XCConfigurationList section */
		EA0282452099E17000022196 /* Build configuration list for PBXProject "ReactiveSandbox" */ = {
			isa = XCConfigurationList;
			buildConfigurations = (
				EA0282702099E17300022196 /* Debug */,
				EA0282712099E17300022196 /* Release */,
			);
			defaultConfigurationIsVisible = 0;
			defaultConfigurationName = Release;
		};
		EA0282722099E17300022196 /* Build configuration list for PBXNativeTarget "ReactiveSandbox" */ = {
			isa = XCConfigurationList;
			buildConfigurations = (
				EA0282732099E17300022196 /* Debug */,
				EA0282742099E17300022196 /* Release */,
			);
			defaultConfigurationIsVisible = 0;
			defaultConfigurationName = Release;
		};
		EA0282752099E17300022196 /* Build configuration list for PBXNativeTarget "ReactiveSandboxTests" */ = {
			isa = XCConfigurationList;
			buildConfigurations = (
				EA0282762099E17300022196 /* Debug */,
				EA0282772099E17300022196 /* Release */,
			);
			defaultConfigurationIsVisible = 0;
			defaultConfigurationName = Release;
		};
		EA0282782099E17300022196 /* Build configuration list for PBXNativeTarget "ReactiveSandboxUITests" */ = {
			isa = XCConfigurationList;
			buildConfigurations = (
				EA0282792099E17300022196 /* Debug */,
				EA02827A2099E17300022196 /* Release */,
			);
			defaultConfigurationIsVisible = 0;
			defaultConfigurationName = Release;
		};
/* End XCConfigurationList section */
	};
	rootObject = EA0282422099E17000022196 /* Project object */;
}
